// !$*UTF8*$!
{
	archiveVersion = 1;
	classes = {
	};
	objectVersion = 48;
	objects = {

/* Begin PBXBuildFile section */
		202486511F3AE20500CD12E6 /* AppDelegate.swift in Sources */ = {isa = PBXBuildFile; fileRef = 202486501F3AE20500CD12E6 /* AppDelegate.swift */; };
		202486531F3AE20500CD12E6 /* ViewController.swift in Sources */ = {isa = PBXBuildFile; fileRef = 202486521F3AE20500CD12E6 /* ViewController.swift */; };
		202486561F3AE20500CD12E6 /* Main.storyboard in Resources */ = {isa = PBXBuildFile; fileRef = 202486541F3AE20500CD12E6 /* Main.storyboard */; };
		202486581F3AE20500CD12E6 /* Assets.xcassets in Resources */ = {isa = PBXBuildFile; fileRef = 202486571F3AE20500CD12E6 /* Assets.xcassets */; };
		2024865B1F3AE20500CD12E6 /* LaunchScreen.storyboard in Resources */ = {isa = PBXBuildFile; fileRef = 202486591F3AE20500CD12E6 /* LaunchScreen.storyboard */; };
		204D7D101F3C326800209923 /* libstdc++.6.0.9.tbd in Frameworks */ = {isa = PBXBuildFile; fileRef = 20A7BF921F3B259100854C42 /* libstdc++.6.0.9.tbd */; };
		204D7D111F3C327000209923 /* CoreImage.framework in Frameworks */ = {isa = PBXBuildFile; fileRef = 20A7BF931F3B259800854C42 /* CoreImage.framework */; };
		20A7BF891F3AE91200854C42 /* Preview.swift in Sources */ = {isa = PBXBuildFile; fileRef = 20A7BF881F3AE91200854C42 /* Preview.swift */; };
		20A7BF901F3B255000854C42 /* Dummy.m in Sources */ = {isa = PBXBuildFile; fileRef = 20A7BF8F1F3B255000854C42 /* Dummy.m */; };
		20A7BF911F3B257100854C42 /* TesseractOCR.framework in Frameworks */ = {isa = PBXBuildFile; fileRef = 20A7BF8C1F3B250A00854C42 /* TesseractOCR.framework */; };
		581102C00C980F00CB1636AC /* Pods_SceneTextRecognitioniOS.framework in Frameworks */ = {isa = PBXBuildFile; fileRef = 62B03D1AB7337CC0284592CD /* Pods_SceneTextRecognitioniOS.framework */; };
		64E9ADE81F2A2436007BAC6F /* tessdata in Resources */ = {isa = PBXBuildFile; fileRef = 64E9ADE71F2A2436007BAC6F /* tessdata */; };
		DF4587BA21569E4600F26057 /* Potrait@2x.png in Resources */ = {isa = PBXBuildFile; fileRef = DF4587B721569E4600F26057 /* Potrait@2x.png */; };
		DF4587BB21569E4600F26057 /* Potrait@3x.png in Resources */ = {isa = PBXBuildFile; fileRef = DF4587B821569E4600F26057 /* Potrait@3x.png */; };
		DF4587BC21569E4600F26057 /* Potrait.png in Resources */ = {isa = PBXBuildFile; fileRef = DF4587B921569E4600F26057 /* Potrait.png */; };
		DF4587BE2156A96100F26057 /* Podfile in Resources */ = {isa = PBXBuildFile; fileRef = DF4587BD2156A96100F26057 /* Podfile */; };
		DF6721D821573C5D00880BD3 /* VideoStream@2x.png in Resources */ = {isa = PBXBuildFile; fileRef = DF6721D521573C5C00880BD3 /* VideoStream@2x.png */; };
		DF6721D921573C5D00880BD3 /* VideoStream@3x.png in Resources */ = {isa = PBXBuildFile; fileRef = DF6721D621573C5C00880BD3 /* VideoStream@3x.png */; };
		DF6721DA21573C5D00880BD3 /* VideoStream.png in Resources */ = {isa = PBXBuildFile; fileRef = DF6721D721573C5D00880BD3 /* VideoStream.png */; };
		DF770B9F2156AC8D005B1536 /* GoogleService-Info.plist in Resources */ = {isa = PBXBuildFile; fileRef = DF770B9E2156AC8D005B1536 /* GoogleService-Info.plist */; };
/* End PBXBuildFile section */

/* Begin PBXFileReference section */
		2024864D1F3AE20500CD12E6 /* SceneTextRecognitioniOS.app */ = {isa = PBXFileReference; explicitFileType = wrapper.application; includeInIndex = 0; path = SceneTextRecognitioniOS.app; sourceTree = BUILT_PRODUCTS_DIR; };
		202486501F3AE20500CD12E6 /* AppDelegate.swift */ = {isa = PBXFileReference; lastKnownFileType = sourcecode.swift; path = AppDelegate.swift; sourceTree = "<group>"; };
		202486521F3AE20500CD12E6 /* ViewController.swift */ = {isa = PBXFileReference; lastKnownFileType = sourcecode.swift; path = ViewController.swift; sourceTree = "<group>"; };
		202486551F3AE20500CD12E6 /* Base */ = {isa = PBXFileReference; lastKnownFileType = file.storyboard; name = Base; path = Base.lproj/Main.storyboard; sourceTree = "<group>"; };
		202486571F3AE20500CD12E6 /* Assets.xcassets */ = {isa = PBXFileReference; lastKnownFileType = folder.assetcatalog; path = Assets.xcassets; sourceTree = "<group>"; };
		2024865A1F3AE20500CD12E6 /* Base */ = {isa = PBXFileReference; lastKnownFileType = file.storyboard; name = Base; path = Base.lproj/LaunchScreen.storyboard; sourceTree = "<group>"; };
		2024865C1F3AE20500CD12E6 /* Info.plist */ = {isa = PBXFileReference; lastKnownFileType = text.plist.xml; path = Info.plist; sourceTree = "<group>"; };
		20A7BF881F3AE91200854C42 /* Preview.swift */ = {isa = PBXFileReference; lastKnownFileType = sourcecode.swift; path = Preview.swift; sourceTree = "<group>"; };
		20A7BF8C1F3B250A00854C42 /* TesseractOCR.framework */ = {isa = PBXFileReference; lastKnownFileType = wrapper.framework; path = TesseractOCR.framework; sourceTree = "<group>"; };
		20A7BF8D1F3B254F00854C42 /* SceneTextRecognitioniOS-Bridging-Header.h */ = {isa = PBXFileReference; lastKnownFileType = sourcecode.c.h; path = "SceneTextRecognitioniOS-Bridging-Header.h"; sourceTree = "<group>"; };
		20A7BF8E1F3B255000854C42 /* Dummy.h */ = {isa = PBXFileReference; lastKnownFileType = sourcecode.c.h; path = Dummy.h; sourceTree = "<group>"; };
		20A7BF8F1F3B255000854C42 /* Dummy.m */ = {isa = PBXFileReference; lastKnownFileType = sourcecode.c.objc; path = Dummy.m; sourceTree = "<group>"; };
		20A7BF921F3B259100854C42 /* libstdc++.6.0.9.tbd */ = {isa = PBXFileReference; lastKnownFileType = "sourcecode.text-based-dylib-definition"; name = "libstdc++.6.0.9.tbd"; path = "usr/lib/libstdc++.6.0.9.tbd"; sourceTree = SDKROOT; };
		20A7BF931F3B259800854C42 /* CoreImage.framework */ = {isa = PBXFileReference; lastKnownFileType = wrapper.framework; name = CoreImage.framework; path = System/Library/Frameworks/CoreImage.framework; sourceTree = SDKROOT; };
		2BCBFB3FB5985869E1516B92 /* Pods-SceneTextRecognitioniOS.release.xcconfig */ = {isa = PBXFileReference; includeInIndex = 1; lastKnownFileType = text.xcconfig; name = "Pods-SceneTextRecognitioniOS.release.xcconfig"; path = "Pods/Target Support Files/Pods-SceneTextRecognitioniOS/Pods-SceneTextRecognitioniOS.release.xcconfig"; sourceTree = "<group>"; };
		62B03D1AB7337CC0284592CD /* Pods_SceneTextRecognitioniOS.framework */ = {isa = PBXFileReference; explicitFileType = wrapper.framework; includeInIndex = 0; path = Pods_SceneTextRecognitioniOS.framework; sourceTree = BUILT_PRODUCTS_DIR; };
		64E9ADE71F2A2436007BAC6F /* tessdata */ = {isa = PBXFileReference; lastKnownFileType = folder; path = tessdata; sourceTree = "<group>"; };
		69084FBDF7C19E1E31AA3282 /* Pods-SceneTextRecognitioniOS.debug.xcconfig */ = {isa = PBXFileReference; includeInIndex = 1; lastKnownFileType = text.xcconfig; name = "Pods-SceneTextRecognitioniOS.debug.xcconfig"; path = "Pods/Target Support Files/Pods-SceneTextRecognitioniOS/Pods-SceneTextRecognitioniOS.debug.xcconfig"; sourceTree = "<group>"; };
		DF4587B721569E4600F26057 /* Potrait@2x.png */ = {isa = PBXFileReference; lastKnownFileType = image.png; path = "Potrait@2x.png"; sourceTree = "<group>"; };
		DF4587B821569E4600F26057 /* Potrait@3x.png */ = {isa = PBXFileReference; lastKnownFileType = image.png; path = "Potrait@3x.png"; sourceTree = "<group>"; };
		DF4587B921569E4600F26057 /* Potrait.png */ = {isa = PBXFileReference; lastKnownFileType = image.png; path = Potrait.png; sourceTree = "<group>"; };
		DF4587BD2156A96100F26057 /* Podfile */ = {isa = PBXFileReference; fileEncoding = 4; lastKnownFileType = text; path = Podfile; sourceTree = "<group>"; };
		DF6721D521573C5C00880BD3 /* VideoStream@2x.png */ = {isa = PBXFileReference; lastKnownFileType = image.png; path = "VideoStream@2x.png"; sourceTree = "<group>"; };
		DF6721D621573C5C00880BD3 /* VideoStream@3x.png */ = {isa = PBXFileReference; lastKnownFileType = image.png; path = "VideoStream@3x.png"; sourceTree = "<group>"; };
		DF6721D721573C5D00880BD3 /* VideoStream.png */ = {isa = PBXFileReference; lastKnownFileType = image.png; path = VideoStream.png; sourceTree = "<group>"; };
		DF770B9E2156AC8D005B1536 /* GoogleService-Info.plist */ = {isa = PBXFileReference; fileEncoding = 4; lastKnownFileType = text.plist.xml; path = "GoogleService-Info.plist"; sourceTree = "<group>"; };
/* End PBXFileReference section */

/* Begin PBXFrameworksBuildPhase section */
		2024864A1F3AE20500CD12E6 /* Frameworks */ = {
			isa = PBXFrameworksBuildPhase;
			buildActionMask = 2147483647;
			files = (
				20A7BF911F3B257100854C42 /* TesseractOCR.framework in Frameworks */,
				204D7D111F3C327000209923 /* CoreImage.framework in Frameworks */,
				204D7D101F3C326800209923 /* libstdc++.6.0.9.tbd in Frameworks */,
				581102C00C980F00CB1636AC /* Pods_SceneTextRecognitioniOS.framework in Frameworks */,
			);
			runOnlyForDeploymentPostprocessing = 0;
		};
/* End PBXFrameworksBuildPhase section */

/* Begin PBXGroup section */
		202486441F3AE20500CD12E6 = {
			isa = PBXGroup;
			children = (
				DF4587BD2156A96100F26057 /* Podfile */,
				20A7BF8C1F3B250A00854C42 /* TesseractOCR.framework */,
				2024864F1F3AE20500CD12E6 /* SceneTextRecognitioniOS */,
				2024864E1F3AE20500CD12E6 /* Products */,
				20A7BF8A1F3B243800854C42 /* Frameworks */,
				EE85F888F9F06C453D22E224 /* Pods */,
			);
			sourceTree = "<group>";
		};
		2024864E1F3AE20500CD12E6 /* Products */ = {
			isa = PBXGroup;
			children = (
				2024864D1F3AE20500CD12E6 /* SceneTextRecognitioniOS.app */,
			);
			name = Products;
			sourceTree = "<group>";
		};
		2024864F1F3AE20500CD12E6 /* SceneTextRecognitioniOS */ = {
			isa = PBXGroup;
			children = (
				64E9ADE71F2A2436007BAC6F /* tessdata */,
				202486501F3AE20500CD12E6 /* AppDelegate.swift */,
				202486521F3AE20500CD12E6 /* ViewController.swift */,
				20A7BF881F3AE91200854C42 /* Preview.swift */,
				202486541F3AE20500CD12E6 /* Main.storyboard */,
				202486571F3AE20500CD12E6 /* Assets.xcassets */,
				202486591F3AE20500CD12E6 /* LaunchScreen.storyboard */,
				2024865C1F3AE20500CD12E6 /* Info.plist */,
				DF770B9E2156AC8D005B1536 /* GoogleService-Info.plist */,
				20A7BF8E1F3B255000854C42 /* Dummy.h */,
				20A7BF8F1F3B255000854C42 /* Dummy.m */,
				20A7BF8D1F3B254F00854C42 /* SceneTextRecognitioniOS-Bridging-Header.h */,
				DF6721D721573C5D00880BD3 /* VideoStream.png */,
				DF6721D521573C5C00880BD3 /* VideoStream@2x.png */,
				DF6721D621573C5C00880BD3 /* VideoStream@3x.png */,
				DF4587B921569E4600F26057 /* Potrait.png */,
				DF4587B721569E4600F26057 /* Potrait@2x.png */,
				DF4587B821569E4600F26057 /* Potrait@3x.png */,
			);
			path = SceneTextRecognitioniOS;
			sourceTree = "<group>";
		};
		20A7BF8A1F3B243800854C42 /* Frameworks */ = {
			isa = PBXGroup;
			children = (
				20A7BF931F3B259800854C42 /* CoreImage.framework */,
				20A7BF921F3B259100854C42 /* libstdc++.6.0.9.tbd */,
				62B03D1AB7337CC0284592CD /* Pods_SceneTextRecognitioniOS.framework */,
			);
			name = Frameworks;
			sourceTree = "<group>";
		};
		EE85F888F9F06C453D22E224 /* Pods */ = {
			isa = PBXGroup;
			children = (
				69084FBDF7C19E1E31AA3282 /* Pods-SceneTextRecognitioniOS.debug.xcconfig */,
				2BCBFB3FB5985869E1516B92 /* Pods-SceneTextRecognitioniOS.release.xcconfig */,
			);
			name = Pods;
			sourceTree = "<group>";
		};
/* End PBXGroup section */

/* Begin PBXNativeTarget section */
		2024864C1F3AE20500CD12E6 /* SceneTextRecognitioniOS */ = {
			isa = PBXNativeTarget;
			buildConfigurationList = 2024865F1F3AE20500CD12E6 /* Build configuration list for PBXNativeTarget "SceneTextRecognitioniOS" */;
			buildPhases = (
				938CBFBFFE50C864A26D344B /* [CP] Check Pods Manifest.lock */,
				202486491F3AE20500CD12E6 /* Sources */,
				2024864A1F3AE20500CD12E6 /* Frameworks */,
				2024864B1F3AE20500CD12E6 /* Resources */,
				9EC326C36766F49452176429 /* [CP] Embed Pods Frameworks */,
			);
			buildRules = (
			);
			dependencies = (
			);
			name = SceneTextRecognitioniOS;
			productName = SceneTextRecognitioniOS;
			productReference = 2024864D1F3AE20500CD12E6 /* SceneTextRecognitioniOS.app */;
			productType = "com.apple.product-type.application";
		};
/* End PBXNativeTarget section */

/* Begin PBXProject section */
		202486451F3AE20500CD12E6 /* Project object */ = {
			isa = PBXProject;
			attributes = {
				LastSwiftUpdateCheck = 0900;
				LastUpgradeCheck = 0900;
				ORGANIZATIONNAME = devcrew;
				TargetAttributes = {
					2024864C1F3AE20500CD12E6 = {
						CreatedOnToolsVersion = 9.0;
						LastSwiftMigration = 0900;
						ProvisioningStyle = Automatic;
					};
				};
			};
			buildConfigurationList = 202486481F3AE20500CD12E6 /* Build configuration list for PBXProject "SceneTextRecognitioniOS" */;
			compatibilityVersion = "Xcode 8.0";
			developmentRegion = en;
			hasScannedForEncodings = 0;
			knownRegions = (
				en,
				Base,
			);
			mainGroup = 202486441F3AE20500CD12E6;
			productRefGroup = 2024864E1F3AE20500CD12E6 /* Products */;
			projectDirPath = "";
			projectRoot = "";
			targets = (
				2024864C1F3AE20500CD12E6 /* SceneTextRecognitioniOS */,
			);
		};
/* End PBXProject section */

/* Begin PBXResourcesBuildPhase section */
		2024864B1F3AE20500CD12E6 /* Resources */ = {
			isa = PBXResourcesBuildPhase;
			buildActionMask = 2147483647;
			files = (
				2024865B1F3AE20500CD12E6 /* LaunchScreen.storyboard in Resources */,
				202486581F3AE20500CD12E6 /* Assets.xcassets in Resources */,
				DF770B9F2156AC8D005B1536 /* GoogleService-Info.plist in Resources */,
				DF4587BE2156A96100F26057 /* Podfile in Resources */,
				202486561F3AE20500CD12E6 /* Main.storyboard in Resources */,
				DF6721DA21573C5D00880BD3 /* VideoStream.png in Resources */,
				DF4587BA21569E4600F26057 /* Potrait@2x.png in Resources */,
				DF6721D821573C5D00880BD3 /* VideoStream@2x.png in Resources */,
				64E9ADE81F2A2436007BAC6F /* tessdata in Resources */,
				DF4587BC21569E4600F26057 /* Potrait.png in Resources */,
				DF6721D921573C5D00880BD3 /* VideoStream@3x.png in Resources */,
				DF4587BB21569E4600F26057 /* Potrait@3x.png in Resources */,
			);
			runOnlyForDeploymentPostprocessing = 0;
		};
/* End PBXResourcesBuildPhase section */

/* Begin PBXShellScriptBuildPhase section */
		938CBFBFFE50C864A26D344B /* [CP] Check Pods Manifest.lock */ = {
			isa = PBXShellScriptBuildPhase;
			buildActionMask = 2147483647;
			files = (
			);
			inputPaths = (
				"${PODS_PODFILE_DIR_PATH}/Podfile.lock",
				"${PODS_ROOT}/Manifest.lock",
			);
			name = "[CP] Check Pods Manifest.lock";
			outputPaths = (
				"$(DERIVED_FILE_DIR)/Pods-SceneTextRecognitioniOS-checkManifestLockResult.txt",
			);
			runOnlyForDeploymentPostprocessing = 0;
			shellPath = /bin/sh;
			shellScript = "diff \"${PODS_PODFILE_DIR_PATH}/Podfile.lock\" \"${PODS_ROOT}/Manifest.lock\" > /dev/null\nif [ $? != 0 ] ; then\n    # print error to STDERR\n    echo \"error: The sandbox is not in sync with the Podfile.lock. Run 'pod install' or update your CocoaPods installation.\" >&2\n    exit 1\nfi\n# This output is used by Xcode 'outputs' to avoid re-running this script phase.\necho \"SUCCESS\" > \"${SCRIPT_OUTPUT_FILE_0}\"\n";
			showEnvVarsInLog = 0;
		};
		9EC326C36766F49452176429 /* [CP] Embed Pods Frameworks */ = {
			isa = PBXShellScriptBuildPhase;
			buildActionMask = 2147483647;
			files = (
			);
			inputPaths = (
				"${SRCROOT}/Pods/Target Support Files/Pods-SceneTextRecognitioniOS/Pods-SceneTextRecognitioniOS-frameworks.sh",
				"${BUILT_PRODUCTS_DIR}/GoogleToolboxForMac/GoogleToolboxForMac.framework",
				"${BUILT_PRODUCTS_DIR}/leveldb-library/leveldb.framework",
				"${BUILT_PRODUCTS_DIR}/nanopb/nanopb.framework",
			);
			name = "[CP] Embed Pods Frameworks";
			outputPaths = (
				"${TARGET_BUILD_DIR}/${FRAMEWORKS_FOLDER_PATH}/GoogleToolboxForMac.framework",
				"${TARGET_BUILD_DIR}/${FRAMEWORKS_FOLDER_PATH}/leveldb.framework",
				"${TARGET_BUILD_DIR}/${FRAMEWORKS_FOLDER_PATH}/nanopb.framework",
			);
			runOnlyForDeploymentPostprocessing = 0;
			shellPath = /bin/sh;
			shellScript = "\"${SRCROOT}/Pods/Target Support Files/Pods-SceneTextRecognitioniOS/Pods-SceneTextRecognitioniOS-frameworks.sh\"\n";
			showEnvVarsInLog = 0;
		};
/* End PBXShellScriptBuildPhase section */

/* Begin PBXSourcesBuildPhase section */
		202486491F3AE20500CD12E6 /* Sources */ = {
			isa = PBXSourcesBuildPhase;
			buildActionMask = 2147483647;
			files = (
				202486531F3AE20500CD12E6 /* ViewController.swift in Sources */,
				20A7BF891F3AE91200854C42 /* Preview.swift in Sources */,
				20A7BF901F3B255000854C42 /* Dummy.m in Sources */,
				202486511F3AE20500CD12E6 /* AppDelegate.swift in Sources */,
			);
			runOnlyForDeploymentPostprocessing = 0;
		};
/* End PBXSourcesBuildPhase section */

/* Begin PBXVariantGroup section */
		202486541F3AE20500CD12E6 /* Main.storyboard */ = {
			isa = PBXVariantGroup;
			children = (
				202486551F3AE20500CD12E6 /* Base */,
			);
			name = Main.storyboard;
			sourceTree = "<group>";
		};
		202486591F3AE20500CD12E6 /* LaunchScreen.storyboard */ = {
			isa = PBXVariantGroup;
			children = (
				2024865A1F3AE20500CD12E6 /* Base */,
			);
			name = LaunchScreen.storyboard;
			sourceTree = "<group>";
		};
/* End PBXVariantGroup section */

/* Begin XCBuildConfiguration section */
		2024865D1F3AE20500CD12E6 /* Debug */ = {
			isa = XCBuildConfiguration;
			buildSettings = {
				ALWAYS_SEARCH_USER_PATHS = NO;
				CLANG_ANALYZER_NONNULL = YES;
				CLANG_ANALYZER_NUMBER_OBJECT_CONVERSION = YES_AGGRESSIVE;
				CLANG_CXX_LANGUAGE_STANDARD = "gnu++14";
				CLANG_CXX_LIBRARY = "libc++";
				CLANG_ENABLE_MODULES = YES;
				CLANG_ENABLE_OBJC_ARC = YES;
				CLANG_WARN_BLOCK_CAPTURE_AUTORELEASING = YES;
				CLANG_WARN_BOOL_CONVERSION = YES;
				CLANG_WARN_COMMA = YES;
				CLANG_WARN_CONSTANT_CONVERSION = YES;
				CLANG_WARN_DIRECT_OBJC_ISA_USAGE = YES_ERROR;
				CLANG_WARN_DOCUMENTATION_COMMENTS = YES;
				CLANG_WARN_EMPTY_BODY = YES;
				CLANG_WARN_ENUM_CONVERSION = YES;
				CLANG_WARN_INFINITE_RECURSION = YES;
				CLANG_WARN_INT_CONVERSION = YES;
				CLANG_WARN_NON_LITERAL_NULL_CONVERSION = YES;
				CLANG_WARN_OBJC_LITERAL_CONVERSION = YES;
				CLANG_WARN_OBJC_ROOT_CLASS = YES_ERROR;
				CLANG_WARN_RANGE_LOOP_ANALYSIS = YES;
				CLANG_WARN_STRICT_PROTOTYPES = YES;
				CLANG_WARN_SUSPICIOUS_MOVE = YES;
				CLANG_WARN_UNGUARDED_AVAILABILITY = YES_AGGRESSIVE;
				CLANG_WARN_UNREACHABLE_CODE = YES;
				CLANG_WARN__DUPLICATE_METHOD_MATCH = YES;
				CODE_SIGN_IDENTITY = "iPhone Developer";
				COPY_PHASE_STRIP = NO;
				DEBUG_INFORMATION_FORMAT = dwarf;
				ENABLE_STRICT_OBJC_MSGSEND = YES;
				ENABLE_TESTABILITY = YES;
				GCC_C_LANGUAGE_STANDARD = gnu11;
				GCC_DYNAMIC_NO_PIC = NO;
				GCC_NO_COMMON_BLOCKS = YES;
				GCC_OPTIMIZATION_LEVEL = 0;
				GCC_PREPROCESSOR_DEFINITIONS = (
					"DEBUG=1",
					"$(inherited)",
				);
				GCC_WARN_64_TO_32_BIT_CONVERSION = YES;
				GCC_WARN_ABOUT_RETURN_TYPE = YES_ERROR;
				GCC_WARN_UNDECLARED_SELECTOR = YES;
				GCC_WARN_UNINITIALIZED_AUTOS = YES_AGGRESSIVE;
				GCC_WARN_UNUSED_FUNCTION = YES;
				GCC_WARN_UNUSED_VARIABLE = YES;
				IPHONEOS_DEPLOYMENT_TARGET = 11.0;
				MTL_ENABLE_DEBUG_INFO = YES;
				ONLY_ACTIVE_ARCH = YES;
				SDKROOT = iphoneos;
				SWIFT_ACTIVE_COMPILATION_CONDITIONS = DEBUG;
				SWIFT_OPTIMIZATION_LEVEL = "-Onone";
			};
			name = Debug;
		};
		2024865E1F3AE20500CD12E6 /* Release */ = {
			isa = XCBuildConfiguration;
			buildSettings = {
				ALWAYS_SEARCH_USER_PATHS = NO;
				CLANG_ANALYZER_NONNULL = YES;
				CLANG_ANALYZER_NUMBER_OBJECT_CONVERSION = YES_AGGRESSIVE;
				CLANG_CXX_LANGUAGE_STANDARD = "gnu++14";
				CLANG_CXX_LIBRARY = "libc++";
				CLANG_ENABLE_MODULES = YES;
				CLANG_ENABLE_OBJC_ARC = YES;
				CLANG_WARN_BLOCK_CAPTURE_AUTORELEASING = YES;
				CLANG_WARN_BOOL_CONVERSION = YES;
				CLANG_WARN_COMMA = YES;
				CLANG_WARN_CONSTANT_CONVERSION = YES;
				CLANG_WARN_DIRECT_OBJC_ISA_USAGE = YES_ERROR;
				CLANG_WARN_DOCUMENTATION_COMMENTS = YES;
				CLANG_WARN_EMPTY_BODY = YES;
				CLANG_WARN_ENUM_CONVERSION = YES;
				CLANG_WARN_INFINITE_RECURSION = YES;
				CLANG_WARN_INT_CONVERSION = YES;
				CLANG_WARN_NON_LITERAL_NULL_CONVERSION = YES;
				CLANG_WARN_OBJC_LITERAL_CONVERSION = YES;
				CLANG_WARN_OBJC_ROOT_CLASS = YES_ERROR;
				CLANG_WARN_RANGE_LOOP_ANALYSIS = YES;
				CLANG_WARN_STRICT_PROTOTYPES = YES;
				CLANG_WARN_SUSPICIOUS_MOVE = YES;
				CLANG_WARN_UNGUARDED_AVAILABILITY = YES_AGGRESSIVE;
				CLANG_WARN_UNREACHABLE_CODE = YES;
				CLANG_WARN__DUPLICATE_METHOD_MATCH = YES;
				CODE_SIGN_IDENTITY = "iPhone Developer";
				COPY_PHASE_STRIP = NO;
				DEBUG_INFORMATION_FORMAT = "dwarf-with-dsym";
				ENABLE_NS_ASSERTIONS = NO;
				ENABLE_STRICT_OBJC_MSGSEND = YES;
				GCC_C_LANGUAGE_STANDARD = gnu11;
				GCC_NO_COMMON_BLOCKS = YES;
				GCC_WARN_64_TO_32_BIT_CONVERSION = YES;
				GCC_WARN_ABOUT_RETURN_TYPE = YES_ERROR;
				GCC_WARN_UNDECLARED_SELECTOR = YES;
				GCC_WARN_UNINITIALIZED_AUTOS = YES_AGGRESSIVE;
				GCC_WARN_UNUSED_FUNCTION = YES;
				GCC_WARN_UNUSED_VARIABLE = YES;
				IPHONEOS_DEPLOYMENT_TARGET = 11.0;
				MTL_ENABLE_DEBUG_INFO = NO;
				SDKROOT = iphoneos;
				SWIFT_OPTIMIZATION_LEVEL = "-Owholemodule";
				VALIDATE_PRODUCT = YES;
			};
			name = Release;
		};
		202486601F3AE20500CD12E6 /* Debug */ = {
			isa = XCBuildConfiguration;
			baseConfigurationReference = 69084FBDF7C19E1E31AA3282 /* Pods-SceneTextRecognitioniOS.debug.xcconfig */;
			buildSettings = {
				ASSETCATALOG_COMPILER_APPICON_NAME = AppIcon;
				CLANG_ENABLE_MODULES = YES;
				"CODE_SIGN_IDENTITY[sdk=iphoneos*]" = "iPhone Developer";
				CODE_SIGN_STYLE = Automatic;
				DEVELOPMENT_TEAM = 45CJUSJ4FS;
				ENABLE_BITCODE = NO;
				FRAMEWORK_SEARCH_PATHS = (
					"$(inherited)",
					"$(PROJECT_DIR)",
				);
				INFOPLIST_FILE = SceneTextRecognitioniOS/Info.plist;
				LD_RUNPATH_SEARCH_PATHS = "$(inherited) @executable_path/Frameworks";
				OTHER_LDFLAGS = (
					"-lstdc++",
					"$(inherited)",
				);
				PRODUCT_BUNDLE_IDENTIFIER = com.Seekasia.SceneTextRecognitioniOS;
				PRODUCT_NAME = "$(TARGET_NAME)";
				PROVISIONING_PROFILE_SPECIFIER = "";
				SWIFT_OBJC_BRIDGING_HEADER = "SceneTextRecognitioniOS/SceneTextRecognitioniOS-Bridging-Header.h";
				SWIFT_OPTIMIZATION_LEVEL = "-Onone";
				SWIFT_VERSION = 4.0;
				TARGETED_DEVICE_FAMILY = "1,2";
			};
			name = Debug;
		};
		202486611F3AE20500CD12E6 /* Release */ = {
			isa = XCBuildConfiguration;
			baseConfigurationReference = 2BCBFB3FB5985869E1516B92 /* Pods-SceneTextRecognitioniOS.release.xcconfig */;
			buildSettings = {
				ASSETCATALOG_COMPILER_APPICON_NAME = AppIcon;
				CLANG_ENABLE_MODULES = YES;
				"CODE_SIGN_IDENTITY[sdk=iphoneos*]" = "iPhone Developer";
				CODE_SIGN_STYLE = Automatic;
				DEVELOPMENT_TEAM = 45CJUSJ4FS;
				ENABLE_BITCODE = NO;
				FRAMEWORK_SEARCH_PATHS = (
					"$(inherited)",
					"$(PROJECT_DIR)",
				);
				INFOPLIST_FILE = SceneTextRecognitioniOS/Info.plist;
				LD_RUNPATH_SEARCH_PATHS = "$(inherited) @executable_path/Frameworks";
				OTHER_LDFLAGS = (
					"-lstdc++",
					"$(inherited)",
				);
				PRODUCT_BUNDLE_IDENTIFIER = com.Seekasia.SceneTextRecognitioniOS;
				PRODUCT_NAME = "$(TARGET_NAME)";
				PROVISIONING_PROFILE_SPECIFIER = "";
				SWIFT_OBJC_BRIDGING_HEADER = "SceneTextRecognitioniOS/SceneTextRecognitioniOS-Bridging-Header.h";
				SWIFT_VERSION = 4.0;
				TARGETED_DEVICE_FAMILY = "1,2";
			};
			name = Release;
		};
/* End XCBuildConfiguration section */

/* Begin XCConfigurationList section */
		202486481F3AE20500CD12E6 /* Build configuration list for PBXProject "SceneTextRecognitioniOS" */ = {
			isa = XCConfigurationList;
			buildConfigurations = (
				2024865D1F3AE20500CD12E6 /* Debug */,
				2024865E1F3AE20500CD12E6 /* Release */,
			);
			defaultConfigurationIsVisible = 0;
			defaultConfigurationName = Release;
		};
		2024865F1F3AE20500CD12E6 /* Build configuration list for PBXNativeTarget "SceneTextRecognitioniOS" */ = {
			isa = XCConfigurationList;
			buildConfigurations = (
				202486601F3AE20500CD12E6 /* Debug */,
				202486611F3AE20500CD12E6 /* Release */,
			);
			defaultConfigurationIsVisible = 0;
			defaultConfigurationName = Release;
		};
/* End XCConfigurationList section */
	};
	rootObject = 202486451F3AE20500CD12E6 /* Project object */;
}
